
Microsoft Visual Studio Solution File, Format Version 12.00
# Visual Studio Version 17
VisualStudioVersion = 17.0.32014.148
MinimumVisualStudioVersion = 10.0.40219.1
Project("{FAE04EC0-301F-11D3-BF4B-00C04F79EFBC}") = "AdoLearning", "AdoLearning\AdoLearning.csproj", "{B237C0F9-7785-4DE5-A0E4-892C8CCAE105}"
EndProject
Global
	GlobalSection(SolutionConfigurationPlatforms) = preSolution
		Debug|Any CPU = Debug|Any CPU
		Release|Any CPU = Release|Any CPU
	EndGlobalSection
	GlobalSection(ProjectConfigurationPlatforms) = postSolution
		{B237C0F9-7785-4DE5-A0E4-892C8CCAE105}.Debug|Any CPU.ActiveCfg = Debug|Any CPU
		{B237C0F9-7785-4DE5-A0E4-892C8CCAE105}.Debug|Any CPU.Build.0 = Debug|Any CPU
		{B237C0F9-7785-4DE5-A0E4-892C8CCAE105}.Release|Any CPU.ActiveCfg = Release|Any CPU
		{B237C0F9-7785-4DE5-A0E4-892C8CCAE105}.Release|Any CPU.Build.0 = Release|Any CPU
	EndGlobalSection
	GlobalSection(SolutionProperties) = preSolution
		HideSolutionNode = FALSE
	EndGlobalSection
	GlobalSection(ExtensibilityGlobals) = postSolution
		SolutionGuid = {568F82CF-4B68-4736-89DA-645E7024B91B}
	EndGlobalSection
EndGlobal
